
Microsoft Visual Studio Solution File, Format Version 12.00
# Visual Studio 15
VisualStudioVersion = 15.0.27130.2036
MinimumVisualStudioVersion = 10.0.40219.1
Project("{FAE04EC0-301F-11D3-BF4B-00C04F79EFBC}") = "HockeyPT", "HockeyPT\HockeyPT.csproj", "{EC20C91A-6213-4A09-9BE1-B99860BB2478}"
EndProject
Global
	GlobalSection(SolutionConfigurationPlatforms) = preSolution
		Debug|Any CPU = Debug|Any CPU
		Release|Any CPU = Release|Any CPU
	EndGlobalSection
	GlobalSection(ProjectConfigurationPlatforms) = postSolution
		{EC20C91A-6213-4A09-9BE1-B99860BB2478}.Debug|Any CPU.ActiveCfg = Debug|Any CPU
		{EC20C91A-6213-4A09-9BE1-B99860BB2478}.Debug|Any CPU.Build.0 = Debug|Any CPU
		{EC20C91A-6213-4A09-9BE1-B99860BB2478}.Release|Any CPU.ActiveCfg = Release|Any CPU
		{EC20C91A-6213-4A09-9BE1-B99860BB2478}.Release|Any CPU.Build.0 = Release|Any CPU
	EndGlobalSection
	GlobalSection(SolutionProperties) = preSolution
		HideSolutionNode = FALSE
	EndGlobalSection
	GlobalSection(ExtensibilityGlobals) = postSolution
		SolutionGuid = {AAEBABF3-4C3D-4B27-9641-D224692A460D}
	EndGlobalSection
EndGlobal
